2352930856445805249855389872324671180511837072899951054814260618647716943666466020687403956283420440293515485546462073665157212775387131922849595024756427488192118121402616526365274512804728390292834179555153601771744522794283853406536864408134514740593447485170360450639296600374851516420440269373492617623730293763838641689905219130791535920629428134520416691095312969075752018839394612962099656297468985149587311200431465203858949653586977679158829829691214680486115819362969649953457777296