23529308564458052498553898723246711805118370728999510548142606186477169436664660206874039562834204402935154855464620736651572127753871319228495950247564274881921181214026165263652745128047283902928341795551536017717445227942838534065368644081345147405934474851703604506392966003748515164204402693734926176237302937638386416899052191307915359206294281345204166910953129690757520188393946129620996562974689851495873112004314652038589496535869776791588298296912146804861158193629696499534577772962999949855782681030572656